github.com/RoelofRuis/ds v1.0.1 h1:a1hk+VXDEKmKHQdOZnMvrGPunQlQqEP1GW2fWMAfZ2Q=
github.com/RoelofRuis/ds v1.0.1/go.mod h1:RJnB9igz7j2dCRN6uC411qdr+Xu09IHtgmoLkNjfKrs=
github.com/RoelofRuis/ds v1.2.0 h1:90lxDgVLrPvaHuKRejFRi53Lb0LJxGjxR1GEFG7wW80=
github.com/RoelofRuis/ds v1.2.0/go.mod h1:RJnB9igz7j2dCRN6uC411qdr+Xu09IHtgmoLkNjfKrs=
